<Solution>
  <Folder Name="/src/">
    <Project Path="src/TBC.OpenAPI.SDK.BusinessIntegrationServices/TBC.OpenAPI.SDK.BusinessIntegrationServices.csproj" />
  </Folder>
  <Folder Name="/tests/">
    <Project Path="tests/TBC.OpenAPI.SDK.BusinessIntegrationServices.Tests/TBC.OpenAPI.SDK.BusinessIntegrationServices.Tests.csproj" />
  </Folder>
  <Folder Name="/examples/">
    <Project Path="examples/ApiAppExample/ApiAppExample.csproj" />
    <Project Path="examples/ConsoleAppExample/ConsoleAppExample.csproj" />
    <Project Path="examples/WinFormsAppExample/WinFormsAppExample.csproj" Id="e93d05ff-b69e-42c0-993e-b00c3bf7837e" />
  </Folder>
</Solution>
